
Microsoft Visual Studio Solution File, Format Version 11.00
# Visual Studio 2010
Project("{FAE04EC0-301F-11D3-BF4B-00C04F79EFBC}") = "Assembly-CSharp", "Assembly-CSharp.csproj", "{98269750-8853-A8EE-B5DA-4D40EF564245}"
EndProject
Project("{FAE04EC0-301F-11D3-BF4B-00C04F79EFBC}") = "Assembly-CSharp-Editor", "Assembly-CSharp-Editor.csproj", "{B46B59ED-F3DC-F113-7BAA-B41C464C1B2D}"
EndProject
Global
	GlobalSection(SolutionConfigurationPlatforms) = preSolution
		Debug|Any CPU = Debug|Any CPU
		Release|Any CPU = Release|Any CPU
	EndGlobalSection
	GlobalSection(ProjectConfigurationPlatforms) = postSolution
		{98269750-8853-A8EE-B5DA-4D40EF564245}.Debug|Any CPU.ActiveCfg = Debug|Any CPU
		{98269750-8853-A8EE-B5DA-4D40EF564245}.Debug|Any CPU.Build.0 = Debug|Any CPU
		{98269750-8853-A8EE-B5DA-4D40EF564245}.Release|Any CPU.ActiveCfg = Release|Any CPU
		{98269750-8853-A8EE-B5DA-4D40EF564245}.Release|Any CPU.Build.0 = Release|Any CPU
		{B46B59ED-F3DC-F113-7BAA-B41C464C1B2D}.Debug|Any CPU.ActiveCfg = Debug|Any CPU
		{B46B59ED-F3DC-F113-7BAA-B41C464C1B2D}.Debug|Any CPU.Build.0 = Debug|Any CPU
		{B46B59ED-F3DC-F113-7BAA-B41C464C1B2D}.Release|Any CPU.ActiveCfg = Release|Any CPU
		{B46B59ED-F3DC-F113-7BAA-B41C464C1B2D}.Release|Any CPU.Build.0 = Release|Any CPU
	EndGlobalSection
	GlobalSection(SolutionProperties) = preSolution
		HideSolutionNode = FALSE
	EndGlobalSection
EndGlobal
